
Microsoft Visual Studio Solution File, Format Version 12.00
# Visual Studio Version 16
VisualStudioVersion = 16.0.31005.135
MinimumVisualStudioVersion = 10.0.40219.1
Project("{FAE04EC0-301F-11D3-BF4B-00C04F79EFBC}") = "QuanLyBangDia", "QuanLyBangDia\QuanLyBangDia.csproj", "{4EDF0F6F-E75E-4F11-9C64-70E2C46D037D}"
EndProject
Global
	GlobalSection(SolutionConfigurationPlatforms) = preSolution
		Debug|Any CPU = Debug|Any CPU
		Release|Any CPU = Release|Any CPU
	EndGlobalSection
	GlobalSection(ProjectConfigurationPlatforms) = postSolution
		{4EDF0F6F-E75E-4F11-9C64-70E2C46D037D}.Debug|Any CPU.ActiveCfg = Debug|Any CPU
		{4EDF0F6F-E75E-4F11-9C64-70E2C46D037D}.Debug|Any CPU.Build.0 = Debug|Any CPU
		{4EDF0F6F-E75E-4F11-9C64-70E2C46D037D}.Release|Any CPU.ActiveCfg = Release|Any CPU
		{4EDF0F6F-E75E-4F11-9C64-70E2C46D037D}.Release|Any CPU.Build.0 = Release|Any CPU
	EndGlobalSection
	GlobalSection(SolutionProperties) = preSolution
		HideSolutionNode = FALSE
	EndGlobalSection
	GlobalSection(ExtensibilityGlobals) = postSolution
		SolutionGuid = {CC5E6200-6661-440D-9B25-C590DC5356F7}
	EndGlobalSection
EndGlobal
